
Microsoft Visual Studio Solution File, Format Version 12.00
# Visual Studio 15
VisualStudioVersion = 15.0.28307.902
MinimumVisualStudioVersion = 10.0.40219.1
Project("{FAE04EC0-301F-11D3-BF4B-00C04F79EFBC}") = "Integration1C_Exchange_Last_Version", "Integration1C_Exchange_Last_Version\Integration1C_Exchange_Last_Version.csproj", "{2223FF2F-98BC-4AD4-9F9D-FA7CE51B29D4}"
EndProject
Global
	GlobalSection(SolutionConfigurationPlatforms) = preSolution
		Debug|Any CPU = Debug|Any CPU
		Release|Any CPU = Release|Any CPU
	EndGlobalSection
	GlobalSection(ProjectConfigurationPlatforms) = postSolution
		{2223FF2F-98BC-4AD4-9F9D-FA7CE51B29D4}.Debug|Any CPU.ActiveCfg = Debug|Any CPU
		{2223FF2F-98BC-4AD4-9F9D-FA7CE51B29D4}.Debug|Any CPU.Build.0 = Debug|Any CPU
		{2223FF2F-98BC-4AD4-9F9D-FA7CE51B29D4}.Release|Any CPU.ActiveCfg = Release|Any CPU
		{2223FF2F-98BC-4AD4-9F9D-FA7CE51B29D4}.Release|Any CPU.Build.0 = Release|Any CPU
	EndGlobalSection
	GlobalSection(SolutionProperties) = preSolution
		HideSolutionNode = FALSE
	EndGlobalSection
	GlobalSection(ExtensibilityGlobals) = postSolution
		SolutionGuid = {56FBE1CE-FFAA-40D4-9469-3D2EA384EB84}
	EndGlobalSection
EndGlobal
